
Microsoft Visual Studio Solution File, Format Version 12.00
# Visual Studio 15
VisualStudioVersion = 15.0.26730.8
MinimumVisualStudioVersion = 10.0.40219.1
Project("{FAE04EC0-301F-11D3-BF4B-00C04F79EFBC}") = "Black Mirror - Server", "Black Mirror - Server\Black Mirror - Server.csproj", "{165BEF2A-D37D-4B2C-86C8-BA1489D6F72D}"
EndProject
Global
	GlobalSection(SolutionConfigurationPlatforms) = preSolution
		Debug|Any CPU = Debug|Any CPU
		Release|Any CPU = Release|Any CPU
	EndGlobalSection
	GlobalSection(ProjectConfigurationPlatforms) = postSolution
		{165BEF2A-D37D-4B2C-86C8-BA1489D6F72D}.Debug|Any CPU.ActiveCfg = Debug|Any CPU
		{165BEF2A-D37D-4B2C-86C8-BA1489D6F72D}.Debug|Any CPU.Build.0 = Debug|Any CPU
		{165BEF2A-D37D-4B2C-86C8-BA1489D6F72D}.Release|Any CPU.ActiveCfg = Release|Any CPU
		{165BEF2A-D37D-4B2C-86C8-BA1489D6F72D}.Release|Any CPU.Build.0 = Release|Any CPU
	EndGlobalSection
	GlobalSection(SolutionProperties) = preSolution
		HideSolutionNode = FALSE
	EndGlobalSection
	GlobalSection(ExtensibilityGlobals) = postSolution
		SolutionGuid = {E2903E9D-FCE9-4C15-B70B-9AD47D606FFE}
	EndGlobalSection
EndGlobal
