
Microsoft Visual Studio Solution File, Format Version 12.00
# Visual Studio 15
VisualStudioVersion = 15.0.26730.8
MinimumVisualStudioVersion = 10.0.40219.1
Project("{FAE04EC0-301F-11D3-BF4B-00C04F79EFBC}") = "Black Mirror - Client", "Black Mirror - Client\Black Mirror - Client.csproj", "{98ED92D6-18F5-4586-9276-82459C6203FC}"
EndProject
Global
	GlobalSection(SolutionConfigurationPlatforms) = preSolution
		Debug|Any CPU = Debug|Any CPU
		Release|Any CPU = Release|Any CPU
	EndGlobalSection
	GlobalSection(ProjectConfigurationPlatforms) = postSolution
		{98ED92D6-18F5-4586-9276-82459C6203FC}.Debug|Any CPU.ActiveCfg = Debug|Any CPU
		{98ED92D6-18F5-4586-9276-82459C6203FC}.Debug|Any CPU.Build.0 = Debug|Any CPU
		{98ED92D6-18F5-4586-9276-82459C6203FC}.Release|Any CPU.ActiveCfg = Release|Any CPU
		{98ED92D6-18F5-4586-9276-82459C6203FC}.Release|Any CPU.Build.0 = Release|Any CPU
	EndGlobalSection
	GlobalSection(SolutionProperties) = preSolution
		HideSolutionNode = FALSE
	EndGlobalSection
	GlobalSection(ExtensibilityGlobals) = postSolution
		SolutionGuid = {39F2E3C5-FF2F-4409-88CA-09F6E9934181}
	EndGlobalSection
EndGlobal
